// !$*UTF8*$!
{
	archiveVersion = 1;
	classes = {
	};
	objectVersion = 77;
	objects = {

/* Begin PBXBuildFile section */
		0453CA1C2EEBE33A0020597D /* LoginView.swift in Sources */ = {isa = PBXBuildFile; fileRef = 0453CA1B2EEBE33A0020597D /* LoginView.swift */; };
		0454DE222EEAC1D7002B5EA8 /* OnboardingView.swift in Sources */ = {isa = PBXBuildFile; fileRef = 0454DE212EEAC1D7002B5EA8 /* OnboardingView.swift */; };
		0456374F2EEFF47E003256A8 /* FirebaseAuth in Frameworks */ = {isa = PBXBuildFile; productRef = 0456374E2EEFF47E003256A8 /* FirebaseAuth */; };
		045637512EEFF47E003256A8 /* FirebaseCore in Frameworks */ = {isa = PBXBuildFile; productRef = 045637502EEFF47E003256A8 /* FirebaseCore */; };
		045637532EEFF631003256A8 /* McdDeliveryApp.swift in Sources */ = {isa = PBXBuildFile; fileRef = 045637522EEFF631003256A8 /* McdDeliveryApp.swift */; };
		045637552EEFF64A003256A8 /* AuthViewModel.swift in Sources */ = {isa = PBXBuildFile; fileRef = 045637542EEFF64A003256A8 /* AuthViewModel.swift */; };
		04B442BE2EE2BE750047528F /* ContentView.swift in Sources */ = {isa = PBXBuildFile; fileRef = 04B442BD2EE2BE750047528F /* ContentView.swift */; };
		04B442C82EE31EDE0047528F /* SideMenu.swift in Sources */ = {isa = PBXBuildFile; fileRef = 04B442C72EE31EDE0047528F /* SideMenu.swift */; };
		04D91D0C2EEF0583002028AB /* SideMenuItem.swift in Sources */ = {isa = PBXBuildFile; fileRef = 04D91D0B2EEF057D002028AB /* SideMenuItem.swift */; };
		04D91D122EEF0683002028AB /* AppBackground.swift in Sources */ = {isa = PBXBuildFile; fileRef = 04D91D112EEF067E002028AB /* AppBackground.swift */; };
		04D91D142EEF0B59002028AB /* AppGradient.swift in Sources */ = {isa = PBXBuildFile; fileRef = 04D91D132EEF0B55002028AB /* AppGradient.swift */; };
		04EA08122EF0FF3800A929EE /* ImageCarouselView.swift in Sources */ = {isa = PBXBuildFile; fileRef = 04EA08112EF0FF3800A929EE /* ImageCarouselView.swift */; };
		04EB4AD32EF2431500E2E07B /* RiveRuntime in Frameworks */ = {isa = PBXBuildFile; productRef = 04EB4AD22EF2431500E2E07B /* RiveRuntime */; };
		04EB4ADD2EF2519100E2E07B /* SplineView.swift in Sources */ = {isa = PBXBuildFile; fileRef = 04EB4ADC2EF2519100E2E07B /* SplineView.swift */; };
/* End PBXBuildFile section */

/* Begin PBXFileReference section */
		0453CA1B2EEBE33A0020597D /* LoginView.swift */ = {isa = PBXFileReference; lastKnownFileType = sourcecode.swift; path = LoginView.swift; sourceTree = "<group>"; };
		0454DE212EEAC1D7002B5EA8 /* OnboardingView.swift */ = {isa = PBXFileReference; lastKnownFileType = sourcecode.swift; path = OnboardingView.swift; sourceTree = "<group>"; };
		045637522EEFF631003256A8 /* McdDeliveryApp.swift */ = {isa = PBXFileReference; lastKnownFileType = sourcecode.swift; path = McdDeliveryApp.swift; sourceTree = "<group>"; };
		045637542EEFF64A003256A8 /* AuthViewModel.swift */ = {isa = PBXFileReference; lastKnownFileType = sourcecode.swift; path = AuthViewModel.swift; sourceTree = "<group>"; };
		04B442B82EE2BE750047528F /* McdDelivery.app */ = {isa = PBXFileReference; explicitFileType = wrapper.application; includeInIndex = 0; path = McdDelivery.app; sourceTree = BUILT_PRODUCTS_DIR; };
		04B442BD2EE2BE750047528F /* ContentView.swift */ = {isa = PBXFileReference; lastKnownFileType = sourcecode.swift; path = ContentView.swift; sourceTree = "<group>"; };
		04B442C72EE31EDE0047528F /* SideMenu.swift */ = {isa = PBXFileReference; lastKnownFileType = sourcecode.swift; path = SideMenu.swift; sourceTree = "<group>"; };
		04D91D0B2EEF057D002028AB /* SideMenuItem.swift */ = {isa = PBXFileReference; lastKnownFileType = sourcecode.swift; path = SideMenuItem.swift; sourceTree = "<group>"; };
		04D91D112EEF067E002028AB /* AppBackground.swift */ = {isa = PBXFileReference; lastKnownFileType = sourcecode.swift; path = AppBackground.swift; sourceTree = "<group>"; };
		04D91D132EEF0B55002028AB /* AppGradient.swift */ = {isa = PBXFileReference; lastKnownFileType = sourcecode.swift; path = AppGradient.swift; sourceTree = "<group>"; };
		04EA08112EF0FF3800A929EE /* ImageCarouselView.swift */ = {isa = PBXFileReference; lastKnownFileType = sourcecode.swift; path = ImageCarouselView.swift; sourceTree = "<group>"; };
		04EB4ADC2EF2519100E2E07B /* SplineView.swift */ = {isa = PBXFileReference; lastKnownFileType = sourcecode.swift; path = SplineView.swift; sourceTree = "<group>"; };
/* End PBXFileReference section */

/* Begin PBXFileSystemSynchronizedRootGroup section */
		04B442BA2EE2BE750047528F /* McdDelivery */ = {
			isa = PBXFileSystemSynchronizedRootGroup;
			path = McdDelivery;
			sourceTree = "<group>";
		};
/* End PBXFileSystemSynchronizedRootGroup section */

/* Begin PBXFrameworksBuildPhase section */
		04B442B52EE2BE750047528F /* Frameworks */ = {
			isa = PBXFrameworksBuildPhase;
			buildActionMask = 2147483647;
			files = (
				045637512EEFF47E003256A8 /* FirebaseCore in Frameworks */,
				0456374F2EEFF47E003256A8 /* FirebaseAuth in Frameworks */,
				04EB4AD32EF2431500E2E07B /* RiveRuntime in Frameworks */,
			);
			runOnlyForDeploymentPostprocessing = 0;
		};
/* End PBXFrameworksBuildPhase section */

/* Begin PBXGroup section */
		0456377E2EF03203003256A8 /* App */ = {
			isa = PBXGroup;
			children = (
				045637522EEFF631003256A8 /* McdDeliveryApp.swift */,
			);
			path = App;
			sourceTree = "<group>";
		};
		0456377F2EF03233003256A8 /* ViewModels */ = {
			isa = PBXGroup;
			children = (
				045637542EEFF64A003256A8 /* AuthViewModel.swift */,
			);
			path = ViewModels;
			sourceTree = "<group>";
		};
		045637822EF03278003256A8 /* Views */ = {
			isa = PBXGroup;
			children = (
				045637852EF032E6003256A8 /* Components */,
				045637842EF032C0003256A8 /* Home */,
				045637832EF032A2003256A8 /* Authentications */,
			);
			path = Views;
			sourceTree = "<group>";
		};
		045637832EF032A2003256A8 /* Authentications */ = {
			isa = PBXGroup;
			children = (
				0454DE212EEAC1D7002B5EA8 /* OnboardingView.swift */,
				0453CA1B2EEBE33A0020597D /* LoginView.swift */,
			);
			path = Authentications;
			sourceTree = "<group>";
		};
		045637842EF032C0003256A8 /* Home */ = {
			isa = PBXGroup;
			children = (
				04B442BD2EE2BE750047528F /* ContentView.swift */,
				04D91D0B2EEF057D002028AB /* SideMenuItem.swift */,
			);
			path = Home;
			sourceTree = "<group>";
		};
		045637852EF032E6003256A8 /* Components */ = {
			isa = PBXGroup;
			children = (
				04EB4ADC2EF2519100E2E07B /* SplineView.swift */,
				04B442C72EE31EDE0047528F /* SideMenu.swift */,
				04D91D112EEF067E002028AB /* AppBackground.swift */,
				04D91D132EEF0B55002028AB /* AppGradient.swift */,
				04EA08112EF0FF3800A929EE /* ImageCarouselView.swift */,
			);
			path = Components;
			sourceTree = "<group>";
		};
		045637862EF03336003256A8 /* Utilities */ = {
			isa = PBXGroup;
			children = (
			);
			path = Utilities;
			sourceTree = "<group>";
		};
		045637872EF03343003256A8 /* Network */ = {
			isa = PBXGroup;
			children = (
			);
			path = Network;
			sourceTree = "<group>";
		};
		045637882EF03391003256A8 /* Models */ = {
			isa = PBXGroup;
			children = (
			);
			path = Models;
			sourceTree = "<group>";
		};
		04B442AF2EE2BE750047528F = {
			isa = PBXGroup;
			children = (
				0456377E2EF03203003256A8 /* App */,
				045637882EF03391003256A8 /* Models */,
				045637822EF03278003256A8 /* Views */,
				0456377F2EF03233003256A8 /* ViewModels */,
				045637862EF03336003256A8 /* Utilities */,
				045637872EF03343003256A8 /* Network */,
				04B442BA2EE2BE750047528F /* McdDelivery */,
				04B442B92EE2BE750047528F /* Products */,
			);
			sourceTree = "<group>";
		};
		04B442B92EE2BE750047528F /* Products */ = {
			isa = PBXGroup;
			children = (
				04B442B82EE2BE750047528F /* McdDelivery.app */,
			);
			name = Products;
			sourceTree = "<group>";
		};
/* End PBXGroup section */

/* Begin PBXNativeTarget section */
		04B442B72EE2BE750047528F /* McdDelivery */ = {
			isa = PBXNativeTarget;
			buildConfigurationList = 04B442C32EE2BE760047528F /* Build configuration list for PBXNativeTarget "McdDelivery" */;
			buildPhases = (
				04B442B42EE2BE750047528F /* Sources */,
				04B442B52EE2BE750047528F /* Frameworks */,
				04B442B62EE2BE750047528F /* Resources */,
			);
			buildRules = (
			);
			dependencies = (
			);
			fileSystemSynchronizedGroups = (
				04B442BA2EE2BE750047528F /* McdDelivery */,
			);
			name = McdDelivery;
			packageProductDependencies = (
				0456374E2EEFF47E003256A8 /* FirebaseAuth */,
				045637502EEFF47E003256A8 /* FirebaseCore */,
				04EB4AD22EF2431500E2E07B /* RiveRuntime */,
			);
			productName = McdDelivery;
			productReference = 04B442B82EE2BE750047528F /* McdDelivery.app */;
			productType = "com.apple.product-type.application";
		};
/* End PBXNativeTarget section */

/* Begin PBXProject section */
		04B442B02EE2BE750047528F /* Project object */ = {
			isa = PBXProject;
			attributes = {
				BuildIndependentTargetsInParallel = 1;
				LastSwiftUpdateCheck = 2610;
				LastUpgradeCheck = 2610;
				TargetAttributes = {
					04B442B72EE2BE750047528F = {
						CreatedOnToolsVersion = 26.1.1;
					};
				};
			};
			buildConfigurationList = 04B442B32EE2BE750047528F /* Build configuration list for PBXProject "McdDelivery" */;
			developmentRegion = en;
			hasScannedForEncodings = 0;
			knownRegions = (
				en,
				Base,
			);
			mainGroup = 04B442AF2EE2BE750047528F;
			minimizedProjectReferenceProxies = 1;
			packageReferences = (
				0456374D2EEFF47E003256A8 /* XCRemoteSwiftPackageReference "firebase-ios-sdk" */,
				04EB4AD12EF2431500E2E07B /* XCRemoteSwiftPackageReference "rive-ios" */,
			);
			preferredProjectObjectVersion = 77;
			productRefGroup = 04B442B92EE2BE750047528F /* Products */;
			projectDirPath = "";
			projectRoot = "";
			targets = (
				04B442B72EE2BE750047528F /* McdDelivery */,
			);
		};
/* End PBXProject section */

/* Begin PBXResourcesBuildPhase section */
		04B442B62EE2BE750047528F /* Resources */ = {
			isa = PBXResourcesBuildPhase;
			buildActionMask = 2147483647;
			files = (
			);
			runOnlyForDeploymentPostprocessing = 0;
		};
/* End PBXResourcesBuildPhase section */

/* Begin PBXSourcesBuildPhase section */
		04B442B42EE2BE750047528F /* Sources */ = {
			isa = PBXSourcesBuildPhase;
			buildActionMask = 2147483647;
			files = (
				04EB4ADD2EF2519100E2E07B /* SplineView.swift in Sources */,
				045637552EEFF64A003256A8 /* AuthViewModel.swift in Sources */,
				045637532EEFF631003256A8 /* McdDeliveryApp.swift in Sources */,
				0454DE222EEAC1D7002B5EA8 /* OnboardingView.swift in Sources */,
				04B442C82EE31EDE0047528F /* SideMenu.swift in Sources */,
				04D91D0C2EEF0583002028AB /* SideMenuItem.swift in Sources */,
				04D91D142EEF0B59002028AB /* AppGradient.swift in Sources */,
				04D91D122EEF0683002028AB /* AppBackground.swift in Sources */,
				0453CA1C2EEBE33A0020597D /* LoginView.swift in Sources */,
				04EA08122EF0FF3800A929EE /* ImageCarouselView.swift in Sources */,
				04B442BE2EE2BE750047528F /* ContentView.swift in Sources */,
			);
			runOnlyForDeploymentPostprocessing = 0;
		};
/* End PBXSourcesBuildPhase section */

/* Begin XCBuildConfiguration section */
		04B442C12EE2BE760047528F /* Debug */ = {
			isa = XCBuildConfiguration;
			buildSettings = {
				ALWAYS_SEARCH_USER_PATHS = NO;
				ASSETCATALOG_COMPILER_GENERATE_SWIFT_ASSET_SYMBOL_EXTENSIONS = YES;
				CLANG_ANALYZER_NONNULL = YES;
				CLANG_ANALYZER_NUMBER_OBJECT_CONVERSION = YES_AGGRESSIVE;
				CLANG_CXX_LANGUAGE_STANDARD = "gnu++20";
				CLANG_ENABLE_MODULES = YES;
				CLANG_ENABLE_OBJC_ARC = YES;
				CLANG_ENABLE_OBJC_WEAK = YES;
				CLANG_WARN_BLOCK_CAPTURE_AUTORELEASING = YES;
				CLANG_WARN_BOOL_CONVERSION = YES;
				CLANG_WARN_COMMA = YES;
				CLANG_WARN_CONSTANT_CONVERSION = YES;
				CLANG_WARN_DEPRECATED_OBJC_IMPLEMENTATIONS = YES;
				CLANG_WARN_DIRECT_OBJC_ISA_USAGE = YES_ERROR;
				CLANG_WARN_DOCUMENTATION_COMMENTS = YES;
				CLANG_WARN_EMPTY_BODY = YES;
				CLANG_WARN_ENUM_CONVERSION = YES;
				CLANG_WARN_INFINITE_RECURSION = YES;
				CLANG_WARN_INT_CONVERSION = YES;
				CLANG_WARN_NON_LITERAL_NULL_CONVERSION = YES;
				CLANG_WARN_OBJC_IMPLICIT_RETAIN_SELF = YES;
				CLANG_WARN_OBJC_LITERAL_CONVERSION = YES;
				CLANG_WARN_OBJC_ROOT_CLASS = YES_ERROR;
				CLANG_WARN_QUOTED_INCLUDE_IN_FRAMEWORK_HEADER = YES;
				CLANG_WARN_RANGE_LOOP_ANALYSIS = YES;
				CLANG_WARN_STRICT_PROTOTYPES = YES;
				CLANG_WARN_SUSPICIOUS_MOVE = YES;
				CLANG_WARN_UNGUARDED_AVAILABILITY = YES_AGGRESSIVE;
				CLANG_WARN_UNREACHABLE_CODE = YES;
				CLANG_WARN__DUPLICATE_METHOD_MATCH = YES;
				COPY_PHASE_STRIP = NO;
				DEBUG_INFORMATION_FORMAT = dwarf;
				ENABLE_STRICT_OBJC_MSGSEND = YES;
				ENABLE_TESTABILITY = YES;
				ENABLE_USER_SCRIPT_SANDBOXING = YES;
				GCC_C_LANGUAGE_STANDARD = gnu17;
				GCC_DYNAMIC_NO_PIC = NO;
				GCC_NO_COMMON_BLOCKS = YES;
				GCC_OPTIMIZATION_LEVEL = 0;
				GCC_PREPROCESSOR_DEFINITIONS = (
					"DEBUG=1",
					"$(inherited)",
				);
				GCC_WARN_64_TO_32_BIT_CONVERSION = YES;
				GCC_WARN_ABOUT_RETURN_TYPE = YES_ERROR;
				GCC_WARN_UNDECLARED_SELECTOR = YES;
				GCC_WARN_UNINITIALIZED_AUTOS = YES_AGGRESSIVE;
				GCC_WARN_UNUSED_FUNCTION = YES;
				GCC_WARN_UNUSED_VARIABLE = YES;
				LOCALIZATION_PREFERS_STRING_CATALOGS = YES;
				MTL_ENABLE_DEBUG_INFO = INCLUDE_SOURCE;
				MTL_FAST_MATH = YES;
				ONLY_ACTIVE_ARCH = YES;
				SWIFT_ACTIVE_COMPILATION_CONDITIONS = "DEBUG $(inherited)";
				SWIFT_OPTIMIZATION_LEVEL = "-Onone";
			};
			name = Debug;
		};
		04B442C22EE2BE760047528F /* Release */ = {
			isa = XCBuildConfiguration;
			buildSettings = {
				ALWAYS_SEARCH_USER_PATHS = NO;
				ASSETCATALOG_COMPILER_GENERATE_SWIFT_ASSET_SYMBOL_EXTENSIONS = YES;
				CLANG_ANALYZER_NONNULL = YES;
				CLANG_ANALYZER_NUMBER_OBJECT_CONVERSION = YES_AGGRESSIVE;
				CLANG_CXX_LANGUAGE_STANDARD = "gnu++20";
				CLANG_ENABLE_MODULES = YES;
				CLANG_ENABLE_OBJC_ARC = YES;
				CLANG_ENABLE_OBJC_WEAK = YES;
				CLANG_WARN_BLOCK_CAPTURE_AUTORELEASING = YES;
				CLANG_WARN_BOOL_CONVERSION = YES;
				CLANG_WARN_COMMA = YES;
				CLANG_WARN_CONSTANT_CONVERSION = YES;
				CLANG_WARN_DEPRECATED_OBJC_IMPLEMENTATIONS = YES;
				CLANG_WARN_DIRECT_OBJC_ISA_USAGE = YES_ERROR;
				CLANG_WARN_DOCUMENTATION_COMMENTS = YES;
				CLANG_WARN_EMPTY_BODY = YES;
				CLANG_WARN_ENUM_CONVERSION = YES;
				CLANG_WARN_INFINITE_RECURSION = YES;
				CLANG_WARN_INT_CONVERSION = YES;
				CLANG_WARN_NON_LITERAL_NULL_CONVERSION = YES;
				CLANG_WARN_OBJC_IMPLICIT_RETAIN_SELF = YES;
				CLANG_WARN_OBJC_LITERAL_CONVERSION = YES;
				CLANG_WARN_OBJC_ROOT_CLASS = YES_ERROR;
				CLANG_WARN_QUOTED_INCLUDE_IN_FRAMEWORK_HEADER = YES;
				CLANG_WARN_RANGE_LOOP_ANALYSIS = YES;
				CLANG_WARN_STRICT_PROTOTYPES = YES;
				CLANG_WARN_SUSPICIOUS_MOVE = YES;
				CLANG_WARN_UNGUARDED_AVAILABILITY = YES_AGGRESSIVE;
				CLANG_WARN_UNREACHABLE_CODE = YES;
				CLANG_WARN__DUPLICATE_METHOD_MATCH = YES;
				COPY_PHASE_STRIP = NO;
				DEBUG_INFORMATION_FORMAT = "dwarf-with-dsym";
				ENABLE_NS_ASSERTIONS = NO;
				ENABLE_STRICT_OBJC_MSGSEND = YES;
				ENABLE_USER_SCRIPT_SANDBOXING = YES;
				GCC_C_LANGUAGE_STANDARD = gnu17;
				GCC_NO_COMMON_BLOCKS = YES;
				GCC_WARN_64_TO_32_BIT_CONVERSION = YES;
				GCC_WARN_ABOUT_RETURN_TYPE = YES_ERROR;
				GCC_WARN_UNDECLARED_SELECTOR = YES;
				GCC_WARN_UNINITIALIZED_AUTOS = YES_AGGRESSIVE;
				GCC_WARN_UNUSED_FUNCTION = YES;
				GCC_WARN_UNUSED_VARIABLE = YES;
				LOCALIZATION_PREFERS_STRING_CATALOGS = YES;
				MTL_ENABLE_DEBUG_INFO = NO;
				MTL_FAST_MATH = YES;
				SWIFT_COMPILATION_MODE = wholemodule;
			};
			name = Release;
		};
		04B442C42EE2BE760047528F /* Debug */ = {
			isa = XCBuildConfiguration;
			buildSettings = {
				ASSETCATALOG_COMPILER_APPICON_NAME = AppIcon;
				ASSETCATALOG_COMPILER_GLOBAL_ACCENT_COLOR_NAME = AccentColor;
				CODE_SIGN_STYLE = Automatic;
				CURRENT_PROJECT_VERSION = 1;
				ENABLE_APP_SANDBOX = YES;
				ENABLE_PREVIEWS = YES;
				ENABLE_USER_SELECTED_FILES = readonly;
				GENERATE_INFOPLIST_FILE = YES;
				"INFOPLIST_KEY_UIApplicationSceneManifest_Generation[sdk=iphoneos*]" = YES;
				"INFOPLIST_KEY_UIApplicationSceneManifest_Generation[sdk=iphonesimulator*]" = YES;
				"INFOPLIST_KEY_UIApplicationSupportsIndirectInputEvents[sdk=iphoneos*]" = YES;
				"INFOPLIST_KEY_UIApplicationSupportsIndirectInputEvents[sdk=iphonesimulator*]" = YES;
				"INFOPLIST_KEY_UILaunchScreen_Generation[sdk=iphoneos*]" = YES;
				"INFOPLIST_KEY_UILaunchScreen_Generation[sdk=iphonesimulator*]" = YES;
				"INFOPLIST_KEY_UIStatusBarStyle[sdk=iphoneos*]" = UIStatusBarStyleDefault;
				"INFOPLIST_KEY_UIStatusBarStyle[sdk=iphonesimulator*]" = UIStatusBarStyleDefault;
				INFOPLIST_KEY_UISupportedInterfaceOrientations_iPad = "UIInterfaceOrientationPortrait UIInterfaceOrientationPortraitUpsideDown UIInterfaceOrientationLandscapeLeft UIInterfaceOrientationLandscapeRight";
				INFOPLIST_KEY_UISupportedInterfaceOrientations_iPhone = "UIInterfaceOrientationPortrait UIInterfaceOrientationLandscapeLeft UIInterfaceOrientationLandscapeRight";
				IPHONEOS_DEPLOYMENT_TARGET = 26.1;
				LD_RUNPATH_SEARCH_PATHS = "@executable_path/Frameworks";
				"LD_RUNPATH_SEARCH_PATHS[sdk=macosx*]" = "@executable_path/../Frameworks";
				MACOSX_DEPLOYMENT_TARGET = 26.1;
				MARKETING_VERSION = 1.0;
				PRODUCT_BUNDLE_IDENTIFIER = TPS.McdDelivery;
				PRODUCT_NAME = "$(TARGET_NAME)";
				REGISTER_APP_GROUPS = YES;
				SDKROOT = auto;
				STRING_CATALOG_GENERATE_SYMBOLS = YES;
				SUPPORTED_PLATFORMS = "iphoneos iphonesimulator macosx xros xrsimulator";
				SWIFT_APPROACHABLE_CONCURRENCY = YES;
				SWIFT_DEFAULT_ACTOR_ISOLATION = MainActor;
				SWIFT_EMIT_LOC_STRINGS = YES;
				SWIFT_UPCOMING_FEATURE_MEMBER_IMPORT_VISIBILITY = YES;
				SWIFT_VERSION = 5.0;
				TARGETED_DEVICE_FAMILY = "1,2,7";
				XROS_DEPLOYMENT_TARGET = 26.1;
			};
			name = Debug;
		};
		04B442C52EE2BE760047528F /* Release */ = {
			isa = XCBuildConfiguration;
			buildSettings = {
				ASSETCATALOG_COMPILER_APPICON_NAME = AppIcon;
				ASSETCATALOG_COMPILER_GLOBAL_ACCENT_COLOR_NAME = AccentColor;
				CODE_SIGN_STYLE = Automatic;
				CURRENT_PROJECT_VERSION = 1;
				ENABLE_APP_SANDBOX = YES;
				ENABLE_PREVIEWS = YES;
				ENABLE_USER_SELECTED_FILES = readonly;
				GENERATE_INFOPLIST_FILE = YES;
				"INFOPLIST_KEY_UIApplicationSceneManifest_Generation[sdk=iphoneos*]" = YES;
				"INFOPLIST_KEY_UIApplicationSceneManifest_Generation[sdk=iphonesimulator*]" = YES;
				"INFOPLIST_KEY_UIApplicationSupportsIndirectInputEvents[sdk=iphoneos*]" = YES;
				"INFOPLIST_KEY_UIApplicationSupportsIndirectInputEvents[sdk=iphonesimulator*]" = YES;
				"INFOPLIST_KEY_UILaunchScreen_Generation[sdk=iphoneos*]" = YES;
				"INFOPLIST_KEY_UILaunchScreen_Generation[sdk=iphonesimulator*]" = YES;
				"INFOPLIST_KEY_UIStatusBarStyle[sdk=iphoneos*]" = UIStatusBarStyleDefault;
				"INFOPLIST_KEY_UIStatusBarStyle[sdk=iphonesimulator*]" = UIStatusBarStyleDefault;
				INFOPLIST_KEY_UISupportedInterfaceOrientations_iPad = "UIInterfaceOrientationPortrait UIInterfaceOrientationPortraitUpsideDown UIInterfaceOrientationLandscapeLeft UIInterfaceOrientationLandscapeRight";
				INFOPLIST_KEY_UISupportedInterfaceOrientations_iPhone = "UIInterfaceOrientationPortrait UIInterfaceOrientationLandscapeLeft UIInterfaceOrientationLandscapeRight";
				IPHONEOS_DEPLOYMENT_TARGET = 26.1;
				LD_RUNPATH_SEARCH_PATHS = "@executable_path/Frameworks";
				"LD_RUNPATH_SEARCH_PATHS[sdk=macosx*]" = "@executable_path/../Frameworks";
				MACOSX_DEPLOYMENT_TARGET = 26.1;
				MARKETING_VERSION = 1.0;
				PRODUCT_BUNDLE_IDENTIFIER = TPS.McdDelivery;
				PRODUCT_NAME = "$(TARGET_NAME)";
				REGISTER_APP_GROUPS = YES;
				SDKROOT = auto;
				STRING_CATALOG_GENERATE_SYMBOLS = YES;
				SUPPORTED_PLATFORMS = "iphoneos iphonesimulator macosx xros xrsimulator";
				SWIFT_APPROACHABLE_CONCURRENCY = YES;
				SWIFT_DEFAULT_ACTOR_ISOLATION = MainActor;
				SWIFT_EMIT_LOC_STRINGS = YES;
				SWIFT_UPCOMING_FEATURE_MEMBER_IMPORT_VISIBILITY = YES;
				SWIFT_VERSION = 5.0;
				TARGETED_DEVICE_FAMILY = "1,2,7";
				XROS_DEPLOYMENT_TARGET = 26.1;
			};
			name = Release;
		};
/* End XCBuildConfiguration section */

/* Begin XCConfigurationList section */
		04B442B32EE2BE750047528F /* Build configuration list for PBXProject "McdDelivery" */ = {
			isa = XCConfigurationList;
			buildConfigurations = (
				04B442C12EE2BE760047528F /* Debug */,
				04B442C22EE2BE760047528F /* Release */,
			);
			defaultConfigurationIsVisible = 0;
			defaultConfigurationName = Release;
		};
		04B442C32EE2BE760047528F /* Build configuration list for PBXNativeTarget "McdDelivery" */ = {
			isa = XCConfigurationList;
			buildConfigurations = (
				04B442C42EE2BE760047528F /* Debug */,
				04B442C52EE2BE760047528F /* Release */,
			);
			defaultConfigurationIsVisible = 0;
			defaultConfigurationName = Release;
		};
/* End XCConfigurationList section */

/* Begin XCRemoteSwiftPackageReference section */
		0456374D2EEFF47E003256A8 /* XCRemoteSwiftPackageReference "firebase-ios-sdk" */ = {
			isa = XCRemoteSwiftPackageReference;
			repositoryURL = "https://github.com/firebase/firebase-ios-sdk";
			requirement = {
				kind = upToNextMajorVersion;
				minimumVersion = 12.7.0;
			};
		};
		04EB4AD12EF2431500E2E07B /* XCRemoteSwiftPackageReference "rive-ios" */ = {
			isa = XCRemoteSwiftPackageReference;
			repositoryURL = "https://github.com/rive-app/rive-ios";
			requirement = {
				kind = upToNextMajorVersion;
				minimumVersion = 6.12.3;
			};
		};
/* End XCRemoteSwiftPackageReference section */

/* Begin XCSwiftPackageProductDependency section */
		0456374E2EEFF47E003256A8 /* FirebaseAuth */ = {
			isa = XCSwiftPackageProductDependency;
			package = 0456374D2EEFF47E003256A8 /* XCRemoteSwiftPackageReference "firebase-ios-sdk" */;
			productName = FirebaseAuth;
		};
		045637502EEFF47E003256A8 /* FirebaseCore */ = {
			isa = XCSwiftPackageProductDependency;
			package = 0456374D2EEFF47E003256A8 /* XCRemoteSwiftPackageReference "firebase-ios-sdk" */;
			productName = FirebaseCore;
		};
		04EB4AD22EF2431500E2E07B /* RiveRuntime */ = {
			isa = XCSwiftPackageProductDependency;
			package = 04EB4AD12EF2431500E2E07B /* XCRemoteSwiftPackageReference "rive-ios" */;
			productName = RiveRuntime;
		};
/* End XCSwiftPackageProductDependency section */
	};
	rootObject = 04B442B02EE2BE750047528F /* Project object */;
}
